// !$*UTF8*$!
{
	archiveVersion = 1;
	classes = {
	};
	objectVersion = 52;
	objects = {

/* Begin PBXBuildFile section */
		3B6CD0DF281C415700F0C531 /* AppDelegate.swift in Sources */ = {isa = PBXBuildFile; fileRef = 3B6CD0DE281C415700F0C531 /* AppDelegate.swift */; };
		3B6CD0E1281C415700F0C531 /* SceneDelegate.swift in Sources */ = {isa = PBXBuildFile; fileRef = 3B6CD0E0281C415700F0C531 /* SceneDelegate.swift */; };
		3B6CD0E3281C415700F0C531 /* ViewController.swift in Sources */ = {isa = PBXBuildFile; fileRef = 3B6CD0E2281C415700F0C531 /* ViewController.swift */; };
		3B6CD0E8281C415900F0C531 /* Assets.xcassets in Resources */ = {isa = PBXBuildFile; fileRef = 3B6CD0E7281C415900F0C531 /* Assets.xcassets */; };
		3B6CD0EB281C415900F0C531 /* LaunchScreen.storyboard in Resources */ = {isa = PBXBuildFile; fileRef = 3B6CD0E9281C415900F0C531 /* LaunchScreen.storyboard */; };
		3B6CD0F3281C421D00F0C531 /* GoogleService-Info.plist in Resources */ = {isa = PBXBuildFile; fileRef = 3B6CD0F2281C421D00F0C531 /* GoogleService-Info.plist */; };
		3B6CD100281C46A600F0C531 /* ImageUploader.swift in Sources */ = {isa = PBXBuildFile; fileRef = 3B6CD0FC281C46A600F0C531 /* ImageUploader.swift */; };
		3B6CD101281C46A600F0C531 /* UserService.swift in Sources */ = {isa = PBXBuildFile; fileRef = 3B6CD0FD281C46A600F0C531 /* UserService.swift */; };
		3B6CD102281C46A600F0C531 /* PostService.swift in Sources */ = {isa = PBXBuildFile; fileRef = 3B6CD0FE281C46A600F0C531 /* PostService.swift */; };
		3B6CD103281C46A600F0C531 /* HotpepperAPI.swift in Sources */ = {isa = PBXBuildFile; fileRef = 3B6CD0FF281C46A600F0C531 /* HotpepperAPI.swift */; };
		3B6CD107281C46CE00F0C531 /* UIColor-Extension.swift in Sources */ = {isa = PBXBuildFile; fileRef = 3B6CD105281C46CE00F0C531 /* UIColor-Extension.swift */; };
		3B6CD108281C46CE00F0C531 /* Extensions.swift in Sources */ = {isa = PBXBuildFile; fileRef = 3B6CD106281C46CE00F0C531 /* Extensions.swift */; };
		3B6CD10C281C46D700F0C531 /* User.swift in Sources */ = {isa = PBXBuildFile; fileRef = 3B6CD10A281C46D700F0C531 /* User.swift */; };
		3B6CD10D281C46D700F0C531 /* ShopModel.swift in Sources */ = {isa = PBXBuildFile; fileRef = 3B6CD10B281C46D700F0C531 /* ShopModel.swift */; };
		3B6CD110281C46E300F0C531 /* FirebaseStorage.swift in Sources */ = {isa = PBXBuildFile; fileRef = 3B6CD10F281C46E300F0C531 /* FirebaseStorage.swift */; };
		3B6CD113281C46EB00F0C531 /* Constants.swift in Sources */ = {isa = PBXBuildFile; fileRef = 3B6CD112281C46EB00F0C531 /* Constants.swift */; };
		3B6CD11A281C46F800F0C531 /* ShopTableViewCell.swift in Sources */ = {isa = PBXBuildFile; fileRef = 3B6CD115281C46F800F0C531 /* ShopTableViewCell.swift */; };
		3B6CD11B281C46F800F0C531 /* ProfileCell.swift in Sources */ = {isa = PBXBuildFile; fileRef = 3B6CD117281C46F800F0C531 /* ProfileCell.swift */; };
		3B6CD11D281C46F800F0C531 /* ProfileHeader.swift in Sources */ = {isa = PBXBuildFile; fileRef = 3B6CD119281C46F800F0C531 /* ProfileHeader.swift */; };
		3B6CD129281C470000F0C531 /* SignUpViewController.swift in Sources */ = {isa = PBXBuildFile; fileRef = 3B6CD11F281C470000F0C531 /* SignUpViewController.swift */; };
		3B6CD12A281C470000F0C531 /* SearchViewController.swift in Sources */ = {isa = PBXBuildFile; fileRef = 3B6CD120281C470000F0C531 /* SearchViewController.swift */; };
		3B6CD12D281C470000F0C531 /* PostViewController.swift in Sources */ = {isa = PBXBuildFile; fileRef = 3B6CD123281C470000F0C531 /* PostViewController.swift */; };
		3B6CD12E281C470000F0C531 /* MypageViewController.swift in Sources */ = {isa = PBXBuildFile; fileRef = 3B6CD124281C470000F0C531 /* MypageViewController.swift */; };
		3B6CD12F281C470000F0C531 /* LoginViewController.swift in Sources */ = {isa = PBXBuildFile; fileRef = 3B6CD125281C470000F0C531 /* LoginViewController.swift */; };
		3B6CD131281C470000F0C531 /* LikeViewController.swift in Sources */ = {isa = PBXBuildFile; fileRef = 3B6CD127281C470000F0C531 /* LikeViewController.swift */; };
		3B6CD136281C470900F0C531 /* ProfileHeaderViewModel.swift in Sources */ = {isa = PBXBuildFile; fileRef = 3B6CD134281C470900F0C531 /* ProfileHeaderViewModel.swift */; };
		3B6CD137281C470900F0C531 /* ShopViewModel.swift in Sources */ = {isa = PBXBuildFile; fileRef = 3B6CD135281C470900F0C531 /* ShopViewModel.swift */; };
		3B6CD139281C476D00F0C531 /* Main.storyboard in Resources */ = {isa = PBXBuildFile; fileRef = 3B6CD138281C476D00F0C531 /* Main.storyboard */; };
		3B6CD13B281C50A700F0C531 /* Post.swift in Sources */ = {isa = PBXBuildFile; fileRef = 3B6CD13A281C50A700F0C531 /* Post.swift */; };
		3B6CD13D281CE10400F0C531 /* FeedViewController.swift in Sources */ = {isa = PBXBuildFile; fileRef = 3B6CD13C281CE10400F0C531 /* FeedViewController.swift */; };
		3B6CD13F281CE56200F0C531 /* FeedCell.swift in Sources */ = {isa = PBXBuildFile; fileRef = 3B6CD13E281CE56200F0C531 /* FeedCell.swift */; };
		3BDB656128237BA7000B7A8D /* PostViewModel.swift in Sources */ = {isa = PBXBuildFile; fileRef = 3BDB656028237BA7000B7A8D /* PostViewModel.swift */; };
		8991C83110F2FE728A051C15 /* Pods_menlog.framework in Frameworks */ = {isa = PBXBuildFile; fileRef = 451BDEF092DA8887D807C14A /* Pods_menlog.framework */; };
/* End PBXBuildFile section */

/* Begin PBXFileReference section */
		3B6CD0DB281C415700F0C531 /* menlog.app */ = {isa = PBXFileReference; explicitFileType = wrapper.application; includeInIndex = 0; path = menlog.app; sourceTree = BUILT_PRODUCTS_DIR; };
		3B6CD0DE281C415700F0C531 /* AppDelegate.swift */ = {isa = PBXFileReference; lastKnownFileType = sourcecode.swift; path = AppDelegate.swift; sourceTree = "<group>"; };
		3B6CD0E0281C415700F0C531 /* SceneDelegate.swift */ = {isa = PBXFileReference; lastKnownFileType = sourcecode.swift; path = SceneDelegate.swift; sourceTree = "<group>"; };
		3B6CD0E2281C415700F0C531 /* ViewController.swift */ = {isa = PBXFileReference; lastKnownFileType = sourcecode.swift; path = ViewController.swift; sourceTree = "<group>"; };
		3B6CD0E7281C415900F0C531 /* Assets.xcassets */ = {isa = PBXFileReference; lastKnownFileType = folder.assetcatalog; path = Assets.xcassets; sourceTree = "<group>"; };
		3B6CD0EA281C415900F0C531 /* Base */ = {isa = PBXFileReference; lastKnownFileType = file.storyboard; name = Base; path = Base.lproj/LaunchScreen.storyboard; sourceTree = "<group>"; };
		3B6CD0EC281C415900F0C531 /* Info.plist */ = {isa = PBXFileReference; lastKnownFileType = text.plist.xml; path = Info.plist; sourceTree = "<group>"; };
		3B6CD0F2281C421D00F0C531 /* GoogleService-Info.plist */ = {isa = PBXFileReference; fileEncoding = 4; lastKnownFileType = text.plist.xml; path = "GoogleService-Info.plist"; sourceTree = "<group>"; };
		3B6CD0FC281C46A600F0C531 /* ImageUploader.swift */ = {isa = PBXFileReference; fileEncoding = 4; lastKnownFileType = sourcecode.swift; path = ImageUploader.swift; sourceTree = "<group>"; };
		3B6CD0FD281C46A600F0C531 /* UserService.swift */ = {isa = PBXFileReference; fileEncoding = 4; lastKnownFileType = sourcecode.swift; path = UserService.swift; sourceTree = "<group>"; };
		3B6CD0FE281C46A600F0C531 /* PostService.swift */ = {isa = PBXFileReference; fileEncoding = 4; lastKnownFileType = sourcecode.swift; path = PostService.swift; sourceTree = "<group>"; };
		3B6CD0FF281C46A600F0C531 /* HotpepperAPI.swift */ = {isa = PBXFileReference; fileEncoding = 4; lastKnownFileType = sourcecode.swift; path = HotpepperAPI.swift; sourceTree = "<group>"; };
		3B6CD105281C46CE00F0C531 /* UIColor-Extension.swift */ = {isa = PBXFileReference; fileEncoding = 4; lastKnownFileType = sourcecode.swift; path = "UIColor-Extension.swift"; sourceTree = "<group>"; };
		3B6CD106281C46CE00F0C531 /* Extensions.swift */ = {isa = PBXFileReference; fileEncoding = 4; lastKnownFileType = sourcecode.swift; path = Extensions.swift; sourceTree = "<group>"; };
		3B6CD10A281C46D700F0C531 /* User.swift */ = {isa = PBXFileReference; fileEncoding = 4; lastKnownFileType = sourcecode.swift; path = User.swift; sourceTree = "<group>"; };
		3B6CD10B281C46D700F0C531 /* ShopModel.swift */ = {isa = PBXFileReference; fileEncoding = 4; lastKnownFileType = sourcecode.swift; path = ShopModel.swift; sourceTree = "<group>"; };
		3B6CD10F281C46E300F0C531 /* FirebaseStorage.swift */ = {isa = PBXFileReference; fileEncoding = 4; lastKnownFileType = sourcecode.swift; path = FirebaseStorage.swift; sourceTree = "<group>"; };
		3B6CD112281C46EB00F0C531 /* Constants.swift */ = {isa = PBXFileReference; fileEncoding = 4; lastKnownFileType = sourcecode.swift; path = Constants.swift; sourceTree = "<group>"; };
		3B6CD115281C46F800F0C531 /* ShopTableViewCell.swift */ = {isa = PBXFileReference; fileEncoding = 4; lastKnownFileType = sourcecode.swift; path = ShopTableViewCell.swift; sourceTree = "<group>"; };
		3B6CD117281C46F800F0C531 /* ProfileCell.swift */ = {isa = PBXFileReference; fileEncoding = 4; lastKnownFileType = sourcecode.swift; path = ProfileCell.swift; sourceTree = "<group>"; };
		3B6CD119281C46F800F0C531 /* ProfileHeader.swift */ = {isa = PBXFileReference; fileEncoding = 4; lastKnownFileType = sourcecode.swift; path = ProfileHeader.swift; sourceTree = "<group>"; };
		3B6CD11F281C470000F0C531 /* SignUpViewController.swift */ = {isa = PBXFileReference; fileEncoding = 4; lastKnownFileType = sourcecode.swift; path = SignUpViewController.swift; sourceTree = "<group>"; };
		3B6CD120281C470000F0C531 /* SearchViewController.swift */ = {isa = PBXFileReference; fileEncoding = 4; lastKnownFileType = sourcecode.swift; path = SearchViewController.swift; sourceTree = "<group>"; };
		3B6CD123281C470000F0C531 /* PostViewController.swift */ = {isa = PBXFileReference; fileEncoding = 4; lastKnownFileType = sourcecode.swift; path = PostViewController.swift; sourceTree = "<group>"; };
		3B6CD124281C470000F0C531 /* MypageViewController.swift */ = {isa = PBXFileReference; fileEncoding = 4; lastKnownFileType = sourcecode.swift; path = MypageViewController.swift; sourceTree = "<group>"; };
		3B6CD125281C470000F0C531 /* LoginViewController.swift */ = {isa = PBXFileReference; fileEncoding = 4; lastKnownFileType = sourcecode.swift; path = LoginViewController.swift; sourceTree = "<group>"; };
		3B6CD127281C470000F0C531 /* LikeViewController.swift */ = {isa = PBXFileReference; fileEncoding = 4; lastKnownFileType = sourcecode.swift; path = LikeViewController.swift; sourceTree = "<group>"; };
		3B6CD134281C470900F0C531 /* ProfileHeaderViewModel.swift */ = {isa = PBXFileReference; fileEncoding = 4; lastKnownFileType = sourcecode.swift; path = ProfileHeaderViewModel.swift; sourceTree = "<group>"; };
		3B6CD135281C470900F0C531 /* ShopViewModel.swift */ = {isa = PBXFileReference; fileEncoding = 4; lastKnownFileType = sourcecode.swift; path = ShopViewModel.swift; sourceTree = "<group>"; };
		3B6CD138281C476D00F0C531 /* Main.storyboard */ = {isa = PBXFileReference; fileEncoding = 4; lastKnownFileType = file.storyboard; path = Main.storyboard; sourceTree = "<group>"; };
		3B6CD13A281C50A700F0C531 /* Post.swift */ = {isa = PBXFileReference; fileEncoding = 4; lastKnownFileType = sourcecode.swift; path = Post.swift; sourceTree = "<group>"; };
		3B6CD13C281CE10400F0C531 /* FeedViewController.swift */ = {isa = PBXFileReference; lastKnownFileType = sourcecode.swift; path = FeedViewController.swift; sourceTree = "<group>"; };
		3B6CD13E281CE56200F0C531 /* FeedCell.swift */ = {isa = PBXFileReference; lastKnownFileType = sourcecode.swift; path = FeedCell.swift; sourceTree = "<group>"; };
		3BDB656028237BA7000B7A8D /* PostViewModel.swift */ = {isa = PBXFileReference; lastKnownFileType = sourcecode.swift; path = PostViewModel.swift; sourceTree = "<group>"; };
		451BDEF092DA8887D807C14A /* Pods_menlog.framework */ = {isa = PBXFileReference; explicitFileType = wrapper.framework; includeInIndex = 0; path = Pods_menlog.framework; sourceTree = BUILT_PRODUCTS_DIR; };
		A53164F544209FB9B25BAE1E /* Pods-menlog.debug.xcconfig */ = {isa = PBXFileReference; includeInIndex = 1; lastKnownFileType = text.xcconfig; name = "Pods-menlog.debug.xcconfig"; path = "Target Support Files/Pods-menlog/Pods-menlog.debug.xcconfig"; sourceTree = "<group>"; };
		DC7742E78F8910002011869E /* Pods-menlog.release.xcconfig */ = {isa = PBXFileReference; includeInIndex = 1; lastKnownFileType = text.xcconfig; name = "Pods-menlog.release.xcconfig"; path = "Target Support Files/Pods-menlog/Pods-menlog.release.xcconfig"; sourceTree = "<group>"; };
/* End PBXFileReference section */

/* Begin PBXFrameworksBuildPhase section */
		3B6CD0D8281C415700F0C531 /* Frameworks */ = {
			isa = PBXFrameworksBuildPhase;
			buildActionMask = 2147483647;
			files = (
				8991C83110F2FE728A051C15 /* Pods_menlog.framework in Frameworks */,
			);
			runOnlyForDeploymentPostprocessing = 0;
		};
/* End PBXFrameworksBuildPhase section */

/* Begin PBXGroup section */
		3B6CD0D2281C415600F0C531 = {
			isa = PBXGroup;
			children = (
				3B6CD0DD281C415700F0C531 /* menlog */,
				3B6CD0DC281C415700F0C531 /* Products */,
				753DCCC98C9E7B38949B3A58 /* Pods */,
				E07003CEFEACADB9ACE8CFB9 /* Frameworks */,
			);
			sourceTree = "<group>";
		};
		3B6CD0DC281C415700F0C531 /* Products */ = {
			isa = PBXGroup;
			children = (
				3B6CD0DB281C415700F0C531 /* menlog.app */,
			);
			name = Products;
			sourceTree = "<group>";
		};
		3B6CD0DD281C415700F0C531 /* menlog */ = {
			isa = PBXGroup;
			children = (
				3B6CD133281C470900F0C531 /* ViewModel */,
				3B6CD11E281C470000F0C531 /* ViewController */,
				3B6CD114281C46F800F0C531 /* View */,
				3B6CD111281C46EB00F0C531 /* Utils */,
				3B6CD10E281C46E300F0C531 /* Resources */,
				3B6CD109281C46D700F0C531 /* Model */,
				3B6CD104281C46CE00F0C531 /* Extension */,
				3B6CD0FB281C46A600F0C531 /* API */,
				3B6CD0DE281C415700F0C531 /* AppDelegate.swift */,
				3B6CD0E0281C415700F0C531 /* SceneDelegate.swift */,
				3B6CD0E2281C415700F0C531 /* ViewController.swift */,
				3B6CD138281C476D00F0C531 /* Main.storyboard */,
				3B6CD0E7281C415900F0C531 /* Assets.xcassets */,
				3B6CD0E9281C415900F0C531 /* LaunchScreen.storyboard */,
				3B6CD0EC281C415900F0C531 /* Info.plist */,
				3B6CD0F2281C421D00F0C531 /* GoogleService-Info.plist */,
			);
			path = menlog;
			sourceTree = "<group>";
		};
		3B6CD0FB281C46A600F0C531 /* API */ = {
			isa = PBXGroup;
			children = (
				3B6CD0FC281C46A600F0C531 /* ImageUploader.swift */,
				3B6CD0FD281C46A600F0C531 /* UserService.swift */,
				3B6CD0FE281C46A600F0C531 /* PostService.swift */,
				3B6CD0FF281C46A600F0C531 /* HotpepperAPI.swift */,
			);
			path = API;
			sourceTree = "<group>";
		};
		3B6CD104281C46CE00F0C531 /* Extension */ = {
			isa = PBXGroup;
			children = (
				3B6CD105281C46CE00F0C531 /* UIColor-Extension.swift */,
				3B6CD106281C46CE00F0C531 /* Extensions.swift */,
			);
			path = Extension;
			sourceTree = "<group>";
		};
		3B6CD109281C46D700F0C531 /* Model */ = {
			isa = PBXGroup;
			children = (
				3B6CD13A281C50A700F0C531 /* Post.swift */,
				3B6CD10A281C46D700F0C531 /* User.swift */,
				3B6CD10B281C46D700F0C531 /* ShopModel.swift */,
			);
			path = Model;
			sourceTree = "<group>";
		};
		3B6CD10E281C46E300F0C531 /* Resources */ = {
			isa = PBXGroup;
			children = (
				3B6CD10F281C46E300F0C531 /* FirebaseStorage.swift */,
			);
			path = Resources;
			sourceTree = "<group>";
		};
		3B6CD111281C46EB00F0C531 /* Utils */ = {
			isa = PBXGroup;
			children = (
				3B6CD112281C46EB00F0C531 /* Constants.swift */,
			);
			path = Utils;
			sourceTree = "<group>";
		};
		3B6CD114281C46F800F0C531 /* View */ = {
			isa = PBXGroup;
			children = (
				3B6CD115281C46F800F0C531 /* ShopTableViewCell.swift */,
				3B6CD116281C46F800F0C531 /* Profile */,
				3B6CD13E281CE56200F0C531 /* FeedCell.swift */,
			);
			path = View;
			sourceTree = "<group>";
		};
		3B6CD116281C46F800F0C531 /* Profile */ = {
			isa = PBXGroup;
			children = (
				3B6CD117281C46F800F0C531 /* ProfileCell.swift */,
				3B6CD119281C46F800F0C531 /* ProfileHeader.swift */,
			);
			path = Profile;
			sourceTree = "<group>";
		};
		3B6CD11E281C470000F0C531 /* ViewController */ = {
			isa = PBXGroup;
			children = (
				3B6CD11F281C470000F0C531 /* SignUpViewController.swift */,
				3B6CD120281C470000F0C531 /* SearchViewController.swift */,
				3B6CD123281C470000F0C531 /* PostViewController.swift */,
				3B6CD124281C470000F0C531 /* MypageViewController.swift */,
				3B6CD125281C470000F0C531 /* LoginViewController.swift */,
				3B6CD127281C470000F0C531 /* LikeViewController.swift */,
				3B6CD13C281CE10400F0C531 /* FeedViewController.swift */,
			);
			path = ViewController;
			sourceTree = "<group>";
		};
		3B6CD133281C470900F0C531 /* ViewModel */ = {
			isa = PBXGroup;
			children = (
				3B6CD134281C470900F0C531 /* ProfileHeaderViewModel.swift */,
				3B6CD135281C470900F0C531 /* ShopViewModel.swift */,
				3BDB656028237BA7000B7A8D /* PostViewModel.swift */,
			);
			path = ViewModel;
			sourceTree = "<group>";
		};
		753DCCC98C9E7B38949B3A58 /* Pods */ = {
			isa = PBXGroup;
			children = (
				A53164F544209FB9B25BAE1E /* Pods-menlog.debug.xcconfig */,
				DC7742E78F8910002011869E /* Pods-menlog.release.xcconfig */,
			);
			path = Pods;
			sourceTree = "<group>";
		};
		E07003CEFEACADB9ACE8CFB9 /* Frameworks */ = {
			isa = PBXGroup;
			children = (
				451BDEF092DA8887D807C14A /* Pods_menlog.framework */,
			);
			name = Frameworks;
			sourceTree = "<group>";
		};
/* End PBXGroup section */

/* Begin PBXNativeTarget section */
		3B6CD0DA281C415700F0C531 /* menlog */ = {
			isa = PBXNativeTarget;
			buildConfigurationList = 3B6CD0EF281C415900F0C531 /* Build configuration list for PBXNativeTarget "menlog" */;
			buildPhases = (
				0E104EBE4CEBA7A96BEC2E57 /* [CP] Check Pods Manifest.lock */,
				3B6CD0D7281C415700F0C531 /* Sources */,
				3B6CD0D8281C415700F0C531 /* Frameworks */,
				3B6CD0D9281C415700F0C531 /* Resources */,
				B514299C01C9554F0DE63FEA /* [CP] Embed Pods Frameworks */,
			);
			buildRules = (
			);
			dependencies = (
			);
			name = menlog;
			productName = menlog;
			productReference = 3B6CD0DB281C415700F0C531 /* menlog.app */;
			productType = "com.apple.product-type.application";
		};
/* End PBXNativeTarget section */

/* Begin PBXProject section */
		3B6CD0D3281C415600F0C531 /* Project object */ = {
			isa = PBXProject;
			attributes = {
				LastSwiftUpdateCheck = 1250;
				LastUpgradeCheck = 1250;
				TargetAttributes = {
					3B6CD0DA281C415700F0C531 = {
						CreatedOnToolsVersion = 12.5.1;
					};
				};
			};
			buildConfigurationList = 3B6CD0D6281C415600F0C531 /* Build configuration list for PBXProject "menlog" */;
			compatibilityVersion = "Xcode 9.3";
			developmentRegion = en;
			hasScannedForEncodings = 0;
			knownRegions = (
				en,
				Base,
			);
			mainGroup = 3B6CD0D2281C415600F0C531;
			packageReferences = (
				3B6CD0F4281C42FE00F0C531 /* XCRemoteSwiftPackageReference "firebase-ios-sdk" */,
			);
			productRefGroup = 3B6CD0DC281C415700F0C531 /* Products */;
			projectDirPath = "";
			projectRoot = "";
			targets = (
				3B6CD0DA281C415700F0C531 /* menlog */,
			);
		};
/* End PBXProject section */

/* Begin PBXResourcesBuildPhase section */
		3B6CD0D9281C415700F0C531 /* Resources */ = {
			isa = PBXResourcesBuildPhase;
			buildActionMask = 2147483647;
			files = (
				3B6CD0EB281C415900F0C531 /* LaunchScreen.storyboard in Resources */,
				3B6CD139281C476D00F0C531 /* Main.storyboard in Resources */,
				3B6CD0E8281C415900F0C531 /* Assets.xcassets in Resources */,
				3B6CD0F3281C421D00F0C531 /* GoogleService-Info.plist in Resources */,
			);
			runOnlyForDeploymentPostprocessing = 0;
		};
/* End PBXResourcesBuildPhase section */

/* Begin PBXShellScriptBuildPhase section */
		0E104EBE4CEBA7A96BEC2E57 /* [CP] Check Pods Manifest.lock */ = {
			isa = PBXShellScriptBuildPhase;
			buildActionMask = 2147483647;
			files = (
			);
			inputFileListPaths = (
			);
			inputPaths = (
				"${PODS_PODFILE_DIR_PATH}/Podfile.lock",
				"${PODS_ROOT}/Manifest.lock",
			);
			name = "[CP] Check Pods Manifest.lock";
			outputFileListPaths = (
			);
			outputPaths = (
				"$(DERIVED_FILE_DIR)/Pods-menlog-checkManifestLockResult.txt",
			);
			runOnlyForDeploymentPostprocessing = 0;
			shellPath = /bin/sh;
			shellScript = "diff \"${PODS_PODFILE_DIR_PATH}/Podfile.lock\" \"${PODS_ROOT}/Manifest.lock\" > /dev/null\nif [ $? != 0 ] ; then\n    # print error to STDERR\n    echo \"error: The sandbox is not in sync with the Podfile.lock. Run 'pod install' or update your CocoaPods installation.\" >&2\n    exit 1\nfi\n# This output is used by Xcode 'outputs' to avoid re-running this script phase.\necho \"SUCCESS\" > \"${SCRIPT_OUTPUT_FILE_0}\"\n";
			showEnvVarsInLog = 0;
		};
		B514299C01C9554F0DE63FEA /* [CP] Embed Pods Frameworks */ = {
			isa = PBXShellScriptBuildPhase;
			buildActionMask = 2147483647;
			files = (
			);
			inputFileListPaths = (
				"${PODS_ROOT}/Target Support Files/Pods-menlog/Pods-menlog-frameworks-${CONFIGURATION}-input-files.xcfilelist",
			);
			name = "[CP] Embed Pods Frameworks";
			outputFileListPaths = (
				"${PODS_ROOT}/Target Support Files/Pods-menlog/Pods-menlog-frameworks-${CONFIGURATION}-output-files.xcfilelist",
			);
			runOnlyForDeploymentPostprocessing = 0;
			shellPath = /bin/sh;
			shellScript = "\"${PODS_ROOT}/Target Support Files/Pods-menlog/Pods-menlog-frameworks.sh\"\n";
			showEnvVarsInLog = 0;
		};
/* End PBXShellScriptBuildPhase section */

/* Begin PBXSourcesBuildPhase section */
		3B6CD0D7281C415700F0C531 /* Sources */ = {
			isa = PBXSourcesBuildPhase;
			buildActionMask = 2147483647;
			files = (
				3B6CD137281C470900F0C531 /* ShopViewModel.swift in Sources */,
				3B6CD0E3281C415700F0C531 /* ViewController.swift in Sources */,
				3B6CD136281C470900F0C531 /* ProfileHeaderViewModel.swift in Sources */,
				3B6CD108281C46CE00F0C531 /* Extensions.swift in Sources */,
				3B6CD107281C46CE00F0C531 /* UIColor-Extension.swift in Sources */,
				3B6CD102281C46A600F0C531 /* PostService.swift in Sources */,
				3B6CD12A281C470000F0C531 /* SearchViewController.swift in Sources */,
				3B6CD13B281C50A700F0C531 /* Post.swift in Sources */,
				3B6CD101281C46A600F0C531 /* UserService.swift in Sources */,
				3B6CD11A281C46F800F0C531 /* ShopTableViewCell.swift in Sources */,
				3B6CD129281C470000F0C531 /* SignUpViewController.swift in Sources */,
				3B6CD100281C46A600F0C531 /* ImageUploader.swift in Sources */,
				3B6CD12D281C470000F0C531 /* PostViewController.swift in Sources */,
				3B6CD10D281C46D700F0C531 /* ShopModel.swift in Sources */,
				3B6CD12F281C470000F0C531 /* LoginViewController.swift in Sources */,
				3B6CD113281C46EB00F0C531 /* Constants.swift in Sources */,
				3BDB656128237BA7000B7A8D /* PostViewModel.swift in Sources */,
				3B6CD11B281C46F800F0C531 /* ProfileCell.swift in Sources */,
				3B6CD11D281C46F800F0C531 /* ProfileHeader.swift in Sources */,
				3B6CD103281C46A600F0C531 /* HotpepperAPI.swift in Sources */,
				3B6CD0DF281C415700F0C531 /* AppDelegate.swift in Sources */,
				3B6CD13D281CE10400F0C531 /* FeedViewController.swift in Sources */,
				3B6CD131281C470000F0C531 /* LikeViewController.swift in Sources */,
				3B6CD10C281C46D700F0C531 /* User.swift in Sources */,
				3B6CD12E281C470000F0C531 /* MypageViewController.swift in Sources */,
				3B6CD13F281CE56200F0C531 /* FeedCell.swift in Sources */,
				3B6CD110281C46E300F0C531 /* FirebaseStorage.swift in Sources */,
				3B6CD0E1281C415700F0C531 /* SceneDelegate.swift in Sources */,
			);
			runOnlyForDeploymentPostprocessing = 0;
		};
/* End PBXSourcesBuildPhase section */

/* Begin PBXVariantGroup section */
		3B6CD0E9281C415900F0C531 /* LaunchScreen.storyboard */ = {
			isa = PBXVariantGroup;
			children = (
				3B6CD0EA281C415900F0C531 /* Base */,
			);
			name = LaunchScreen.storyboard;
			sourceTree = "<group>";
		};
/* End PBXVariantGroup section */

/* Begin XCBuildConfiguration section */
		3B6CD0ED281C415900F0C531 /* Debug */ = {
			isa = XCBuildConfiguration;
			buildSettings = {
				ALWAYS_SEARCH_USER_PATHS = NO;
				CLANG_ANALYZER_NONNULL = YES;
				CLANG_ANALYZER_NUMBER_OBJECT_CONVERSION = YES_AGGRESSIVE;
				CLANG_CXX_LANGUAGE_STANDARD = "gnu++14";
				CLANG_CXX_LIBRARY = "libc++";
				CLANG_ENABLE_MODULES = YES;
				CLANG_ENABLE_OBJC_ARC = YES;
				CLANG_ENABLE_OBJC_WEAK = YES;
				CLANG_WARN_BLOCK_CAPTURE_AUTORELEASING = YES;
				CLANG_WARN_BOOL_CONVERSION = YES;
				CLANG_WARN_COMMA = YES;
				CLANG_WARN_CONSTANT_CONVERSION = YES;
				CLANG_WARN_DEPRECATED_OBJC_IMPLEMENTATIONS = YES;
				CLANG_WARN_DIRECT_OBJC_ISA_USAGE = YES_ERROR;
				CLANG_WARN_DOCUMENTATION_COMMENTS = YES;
				CLANG_WARN_EMPTY_BODY = YES;
				CLANG_WARN_ENUM_CONVERSION = YES;
				CLANG_WARN_INFINITE_RECURSION = YES;
				CLANG_WARN_INT_CONVERSION = YES;
				CLANG_WARN_NON_LITERAL_NULL_CONVERSION = YES;
				CLANG_WARN_OBJC_IMPLICIT_RETAIN_SELF = YES;
				CLANG_WARN_OBJC_LITERAL_CONVERSION = YES;
				CLANG_WARN_OBJC_ROOT_CLASS = YES_ERROR;
				CLANG_WARN_QUOTED_INCLUDE_IN_FRAMEWORK_HEADER = YES;
				CLANG_WARN_RANGE_LOOP_ANALYSIS = YES;
				CLANG_WARN_STRICT_PROTOTYPES = YES;
				CLANG_WARN_SUSPICIOUS_MOVE = YES;
				CLANG_WARN_UNGUARDED_AVAILABILITY = YES_AGGRESSIVE;
				CLANG_WARN_UNREACHABLE_CODE = YES;
				CLANG_WARN__DUPLICATE_METHOD_MATCH = YES;
				COPY_PHASE_STRIP = NO;
				DEBUG_INFORMATION_FORMAT = dwarf;
				ENABLE_STRICT_OBJC_MSGSEND = YES;
				ENABLE_TESTABILITY = YES;
				GCC_C_LANGUAGE_STANDARD = gnu11;
				GCC_DYNAMIC_NO_PIC = NO;
				GCC_NO_COMMON_BLOCKS = YES;
				GCC_OPTIMIZATION_LEVEL = 0;
				GCC_PREPROCESSOR_DEFINITIONS = (
					"DEBUG=1",
					"$(inherited)",
				);
				GCC_WARN_64_TO_32_BIT_CONVERSION = YES;
				GCC_WARN_ABOUT_RETURN_TYPE = YES_ERROR;
				GCC_WARN_UNDECLARED_SELECTOR = YES;
				GCC_WARN_UNINITIALIZED_AUTOS = YES_AGGRESSIVE;
				GCC_WARN_UNUSED_FUNCTION = YES;
				GCC_WARN_UNUSED_VARIABLE = YES;
				IPHONEOS_DEPLOYMENT_TARGET = 14.5;
				MTL_ENABLE_DEBUG_INFO = INCLUDE_SOURCE;
				MTL_FAST_MATH = YES;
				ONLY_ACTIVE_ARCH = YES;
				SDKROOT = iphoneos;
				SWIFT_ACTIVE_COMPILATION_CONDITIONS = DEBUG;
				SWIFT_OPTIMIZATION_LEVEL = "-Onone";
			};
			name = Debug;
		};
		3B6CD0EE281C415900F0C531 /* Release */ = {
			isa = XCBuildConfiguration;
			buildSettings = {
				ALWAYS_SEARCH_USER_PATHS = NO;
				CLANG_ANALYZER_NONNULL = YES;
				CLANG_ANALYZER_NUMBER_OBJECT_CONVERSION = YES_AGGRESSIVE;
				CLANG_CXX_LANGUAGE_STANDARD = "gnu++14";
				CLANG_CXX_LIBRARY = "libc++";
				CLANG_ENABLE_MODULES = YES;
				CLANG_ENABLE_OBJC_ARC = YES;
				CLANG_ENABLE_OBJC_WEAK = YES;
				CLANG_WARN_BLOCK_CAPTURE_AUTORELEASING = YES;
				CLANG_WARN_BOOL_CONVERSION = YES;
				CLANG_WARN_COMMA = YES;
				CLANG_WARN_CONSTANT_CONVERSION = YES;
				CLANG_WARN_DEPRECATED_OBJC_IMPLEMENTATIONS = YES;
				CLANG_WARN_DIRECT_OBJC_ISA_USAGE = YES_ERROR;
				CLANG_WARN_DOCUMENTATION_COMMENTS = YES;
				CLANG_WARN_EMPTY_BODY = YES;
				CLANG_WARN_ENUM_CONVERSION = YES;
				CLANG_WARN_INFINITE_RECURSION = YES;
				CLANG_WARN_INT_CONVERSION = YES;
				CLANG_WARN_NON_LITERAL_NULL_CONVERSION = YES;
				CLANG_WARN_OBJC_IMPLICIT_RETAIN_SELF = YES;
				CLANG_WARN_OBJC_LITERAL_CONVERSION = YES;
				CLANG_WARN_OBJC_ROOT_CLASS = YES_ERROR;
				CLANG_WARN_QUOTED_INCLUDE_IN_FRAMEWORK_HEADER = YES;
				CLANG_WARN_RANGE_LOOP_ANALYSIS = YES;
				CLANG_WARN_STRICT_PROTOTYPES = YES;
				CLANG_WARN_SUSPICIOUS_MOVE = YES;
				CLANG_WARN_UNGUARDED_AVAILABILITY = YES_AGGRESSIVE;
				CLANG_WARN_UNREACHABLE_CODE = YES;
				CLANG_WARN__DUPLICATE_METHOD_MATCH = YES;
				COPY_PHASE_STRIP = NO;
				DEBUG_INFORMATION_FORMAT = "dwarf-with-dsym";
				ENABLE_NS_ASSERTIONS = NO;
				ENABLE_STRICT_OBJC_MSGSEND = YES;
				GCC_C_LANGUAGE_STANDARD = gnu11;
				GCC_NO_COMMON_BLOCKS = YES;
				GCC_WARN_64_TO_32_BIT_CONVERSION = YES;
				GCC_WARN_ABOUT_RETURN_TYPE = YES_ERROR;
				GCC_WARN_UNDECLARED_SELECTOR = YES;
				GCC_WARN_UNINITIALIZED_AUTOS = YES_AGGRESSIVE;
				GCC_WARN_UNUSED_FUNCTION = YES;
				GCC_WARN_UNUSED_VARIABLE = YES;
				IPHONEOS_DEPLOYMENT_TARGET = 14.5;
				MTL_ENABLE_DEBUG_INFO = NO;
				MTL_FAST_MATH = YES;
				SDKROOT = iphoneos;
				SWIFT_COMPILATION_MODE = wholemodule;
				SWIFT_OPTIMIZATION_LEVEL = "-O";
				VALIDATE_PRODUCT = YES;
			};
			name = Release;
		};
		3B6CD0F0281C415900F0C531 /* Debug */ = {
			isa = XCBuildConfiguration;
			baseConfigurationReference = A53164F544209FB9B25BAE1E /* Pods-menlog.debug.xcconfig */;
			buildSettings = {
				ASSETCATALOG_COMPILER_APPICON_NAME = AppIcon;
				ASSETCATALOG_COMPILER_GLOBAL_ACCENT_COLOR_NAME = AccentColor;
				CODE_SIGN_STYLE = Automatic;
				INFOPLIST_FILE = menlog/Info.plist;
				LD_RUNPATH_SEARCH_PATHS = (
					"$(inherited)",
					"@executable_path/Frameworks",
				);
				PRODUCT_BUNDLE_IDENTIFIER = com.kazuki.menlog;
				PRODUCT_NAME = "$(TARGET_NAME)";
				SWIFT_VERSION = 5.0;
				TARGETED_DEVICE_FAMILY = "1,2";
			};
			name = Debug;
		};
		3B6CD0F1281C415900F0C531 /* Release */ = {
			isa = XCBuildConfiguration;
			baseConfigurationReference = DC7742E78F8910002011869E /* Pods-menlog.release.xcconfig */;
			buildSettings = {
				ASSETCATALOG_COMPILER_APPICON_NAME = AppIcon;
				ASSETCATALOG_COMPILER_GLOBAL_ACCENT_COLOR_NAME = AccentColor;
				CODE_SIGN_STYLE = Automatic;
				INFOPLIST_FILE = menlog/Info.plist;
				LD_RUNPATH_SEARCH_PATHS = (
					"$(inherited)",
					"@executable_path/Frameworks",
				);
				PRODUCT_BUNDLE_IDENTIFIER = com.kazuki.menlog;
				PRODUCT_NAME = "$(TARGET_NAME)";
				SWIFT_VERSION = 5.0;
				TARGETED_DEVICE_FAMILY = "1,2";
			};
			name = Release;
		};
/* End XCBuildConfiguration section */

/* Begin XCConfigurationList section */
		3B6CD0D6281C415600F0C531 /* Build configuration list for PBXProject "menlog" */ = {
			isa = XCConfigurationList;
			buildConfigurations = (
				3B6CD0ED281C415900F0C531 /* Debug */,
				3B6CD0EE281C415900F0C531 /* Release */,
			);
			defaultConfigurationIsVisible = 0;
			defaultConfigurationName = Release;
		};
		3B6CD0EF281C415900F0C531 /* Build configuration list for PBXNativeTarget "menlog" */ = {
			isa = XCConfigurationList;
			buildConfigurations = (
				3B6CD0F0281C415900F0C531 /* Debug */,
				3B6CD0F1281C415900F0C531 /* Release */,
			);
			defaultConfigurationIsVisible = 0;
			defaultConfigurationName = Release;
		};
/* End XCConfigurationList section */

/* Begin XCRemoteSwiftPackageReference section */
		3B6CD0F4281C42FE00F0C531 /* XCRemoteSwiftPackageReference "firebase-ios-sdk" */ = {
			isa = XCRemoteSwiftPackageReference;
			repositoryURL = "https://github.com/firebase/firebase-ios-sdk";
			requirement = {
				kind = upToNextMajorVersion;
				minimumVersion = 8.15.0;
			};
		};
/* End XCRemoteSwiftPackageReference section */
	};
	rootObject = 3B6CD0D3281C415600F0C531 /* Project object */;
}
